
Microsoft Visual Studio Solution File, Format Version 12.00
# Visual Studio Version 17
VisualStudioVersion = 17.11.35327.3
MinimumVisualStudioVersion = 10.0.40219.1
Project("{9A19103F-16F7-4668-BE54-9A1E7A4F7556}") = "GA106Lab1", "GA106Lab1.csproj", "{7583DB16-EB60-4297-BFB6-7C7E142B9801}"
EndProject
Global
	GlobalSection(SolutionConfigurationPlatforms) = preSolution
		Debug|Any CPU = Debug|Any CPU
		Release|Any CPU = Release|Any CPU
	EndGlobalSection
	GlobalSection(ProjectConfigurationPlatforms) = postSolution
		{7583DB16-EB60-4297-BFB6-7C7E142B9801}.Debug|Any CPU.ActiveCfg = Debug|Any CPU
		{7583DB16-EB60-4297-BFB6-7C7E142B9801}.Debug|Any CPU.Build.0 = Debug|Any CPU
		{7583DB16-EB60-4297-BFB6-7C7E142B9801}.Release|Any CPU.ActiveCfg = Release|Any CPU
		{7583DB16-EB60-4297-BFB6-7C7E142B9801}.Release|Any CPU.Build.0 = Release|Any CPU
	EndGlobalSection
	GlobalSection(SolutionProperties) = preSolution
		HideSolutionNode = FALSE
	EndGlobalSection
	GlobalSection(ExtensibilityGlobals) = postSolution
		SolutionGuid = {D20D274E-FC69-4549-BC2A-DB3A52CFA78A}
	EndGlobalSection
EndGlobal
